
Microsoft Visual Studio Solution File, Format Version 12.00
# Visual Studio Version 17
VisualStudioVersion = 17.5.002.0
MinimumVisualStudioVersion = 10.0.40219.1
Project("{2150E333-8FDC-42A3-9474-1A3956D46DE8}") = "prepare", "prepare", "{DA77550C-DFA5-4F01-B265-E1529E4DE298}"
EndProject
Project("{9A19103F-16F7-4668-BE54-9A1E7A4F7556}") = "Learning02", "prepare\Learning02\Learning02.csproj", "{548F27FF-21C6-4B1C-B0D0-8B8763851BCB}"
EndProject
Project("{9A19103F-16F7-4668-BE54-9A1E7A4F7556}") = "Learning05", "prepare\Learning05\Learning05.csproj", "{2C381A8E-1169-46FF-9226-7E7D7D6A899B}"
EndProject
Project("{9A19103F-16F7-4668-BE54-9A1E7A4F7556}") = "Learning04", "prepare\Learning04\Learning04.csproj", "{10477DCD-DF15-4E68-A262-B165D7A03114}"
EndProject
Project("{9A19103F-16F7-4668-BE54-9A1E7A4F7556}") = "Learning03", "prepare\Learning03\Learning03.csproj", "{9B3E7CB9-6584-420C-A86E-BF5A068F6F06}"
EndProject
Project("{2150E333-8FDC-42A3-9474-1A3956D46DE8}") = "prove", "prove", "{C691D681-9B9B-435D-BD5F-1EC33970BDE5}"
EndProject
Project("{9A19103F-16F7-4668-BE54-9A1E7A4F7556}") = "Develop03", "prove\Develop03\Develop03.csproj", "{E21ED15A-4281-44BA-A5F4-A96EADEE8CD0}"
EndProject
Project("{9A19103F-16F7-4668-BE54-9A1E7A4F7556}") = "Develop04", "prove\Develop04\Develop04.csproj", "{1802C1F0-BFC7-4BD5-924B-6E98FAF0C140}"
EndProject
Project("{9A19103F-16F7-4668-BE54-9A1E7A4F7556}") = "Develop05", "prove\Develop05\Develop05.csproj", "{39E8F1DF-58C1-48C5-AE62-2C84C622EAA9}"
EndProject
Project("{9A19103F-16F7-4668-BE54-9A1E7A4F7556}") = "Develop02", "prove\Develop02\Develop02.csproj", "{21A53C00-A2DB-48B8-9D8A-A6FD3298B892}"
EndProject
Project("{2150E333-8FDC-42A3-9474-1A3956D46DE8}") = "sandbox", "sandbox", "{556DBE3C-30FE-414D-828B-A88D1DD111FE}"
EndProject
Project("{9A19103F-16F7-4668-BE54-9A1E7A4F7556}") = "Sandbox", "sandbox\Sandbox\Sandbox.csproj", "{98D6E69A-A65F-4DA4-9842-977BE46DD01B}"
EndProject
Project("{2150E333-8FDC-42A3-9474-1A3956D46DE8}") = "final", "final", "{C5C46134-F73A-4C04-9EE0-0F394339CB7C}"
EndProject
Project("{9A19103F-16F7-4668-BE54-9A1E7A4F7556}") = "FinalProject", "final\FinalProject\FinalProject.csproj", "{3C98B423-D48F-4F78-BCA1-032EC8A9DD2D}"
EndProject
Project("{9A19103F-16F7-4668-BE54-9A1E7A4F7556}") = "Foundation1", "final\Foundation1\Foundation1.csproj", "{F01F6BEC-2831-4DFD-BDD5-5389CEFE5B7A}"
EndProject
Project("{9A19103F-16F7-4668-BE54-9A1E7A4F7556}") = "Foundation4", "final\Foundation4\Foundation4.csproj", "{E73E062C-0FB8-40D6-97E7-9A5E4DF0C117}"
EndProject
Project("{9A19103F-16F7-4668-BE54-9A1E7A4F7556}") = "Foundation3", "final\Foundation3\Foundation3.csproj", "{2980AB1A-14EC-4F73-930A-7D2628781D2A}"
EndProject
Project("{9A19103F-16F7-4668-BE54-9A1E7A4F7556}") = "Foundation2", "final\Foundation2\Foundation2.csproj", "{B7791CB9-AB4E-4E7C-AD37-1321C94E800C}"
EndProject
Project("{2150E333-8FDC-42A3-9474-1A3956D46DE8}") = "csharp-prep", "csharp-prep", "{3D0CF130-C756-48FF-96AE-1DE79CCC106D}"
EndProject
Project("{9A19103F-16F7-4668-BE54-9A1E7A4F7556}") = "Prep1", "csharp-prep\Prep1\Prep1.csproj", "{368414ED-D6CB-4431-A285-D79D7313B2C8}"
EndProject
Project("{9A19103F-16F7-4668-BE54-9A1E7A4F7556}") = "Prep5", "csharp-prep\Prep5\Prep5.csproj", "{A193519C-4DEF-45C3-8DE9-BFC25FCCFBD6}"
EndProject
Project("{9A19103F-16F7-4668-BE54-9A1E7A4F7556}") = "Prep2", "csharp-prep\Prep2\Prep2.csproj", "{2F8DADCE-02FE-41A0-A210-261E2C447E56}"
EndProject
Project("{9A19103F-16F7-4668-BE54-9A1E7A4F7556}") = "Prep3", "csharp-prep\Prep3\Prep3.csproj", "{8B9FF32F-066C-47D6-A054-7C37736A603E}"
EndProject
Project("{9A19103F-16F7-4668-BE54-9A1E7A4F7556}") = "Prep4", "csharp-prep\Prep4\Prep4.csproj", "{0FDFE5EA-350C-4B3F-886A-C03B89DA2BD5}"
EndProject
Global
	GlobalSection(SolutionConfigurationPlatforms) = preSolution
		Debug|Any CPU = Debug|Any CPU
		Release|Any CPU = Release|Any CPU
	EndGlobalSection
	GlobalSection(ProjectConfigurationPlatforms) = postSolution
		{548F27FF-21C6-4B1C-B0D0-8B8763851BCB}.Debug|Any CPU.ActiveCfg = Debug|Any CPU
		{548F27FF-21C6-4B1C-B0D0-8B8763851BCB}.Debug|Any CPU.Build.0 = Debug|Any CPU
		{548F27FF-21C6-4B1C-B0D0-8B8763851BCB}.Release|Any CPU.ActiveCfg = Release|Any CPU
		{548F27FF-21C6-4B1C-B0D0-8B8763851BCB}.Release|Any CPU.Build.0 = Release|Any CPU
		{2C381A8E-1169-46FF-9226-7E7D7D6A899B}.Debug|Any CPU.ActiveCfg = Debug|Any CPU
		{2C381A8E-1169-46FF-9226-7E7D7D6A899B}.Debug|Any CPU.Build.0 = Debug|Any CPU
		{2C381A8E-1169-46FF-9226-7E7D7D6A899B}.Release|Any CPU.ActiveCfg = Release|Any CPU
		{2C381A8E-1169-46FF-9226-7E7D7D6A899B}.Release|Any CPU.Build.0 = Release|Any CPU
		{10477DCD-DF15-4E68-A262-B165D7A03114}.Debug|Any CPU.ActiveCfg = Debug|Any CPU
		{10477DCD-DF15-4E68-A262-B165D7A03114}.Debug|Any CPU.Build.0 = Debug|Any CPU
		{10477DCD-DF15-4E68-A262-B165D7A03114}.Release|Any CPU.ActiveCfg = Release|Any CPU
		{10477DCD-DF15-4E68-A262-B165D7A03114}.Release|Any CPU.Build.0 = Release|Any CPU
		{9B3E7CB9-6584-420C-A86E-BF5A068F6F06}.Debug|Any CPU.ActiveCfg = Debug|Any CPU
		{9B3E7CB9-6584-420C-A86E-BF5A068F6F06}.Debug|Any CPU.Build.0 = Debug|Any CPU
		{9B3E7CB9-6584-420C-A86E-BF5A068F6F06}.Release|Any CPU.ActiveCfg = Release|Any CPU
		{9B3E7CB9-6584-420C-A86E-BF5A068F6F06}.Release|Any CPU.Build.0 = Release|Any CPU
		{E21ED15A-4281-44BA-A5F4-A96EADEE8CD0}.Debug|Any CPU.ActiveCfg = Debug|Any CPU
		{E21ED15A-4281-44BA-A5F4-A96EADEE8CD0}.Debug|Any CPU.Build.0 = Debug|Any CPU
		{E21ED15A-4281-44BA-A5F4-A96EADEE8CD0}.Release|Any CPU.ActiveCfg = Release|Any CPU
		{E21ED15A-4281-44BA-A5F4-A96EADEE8CD0}.Release|Any CPU.Build.0 = Release|Any CPU
		{1802C1F0-BFC7-4BD5-924B-6E98FAF0C140}.Debug|Any CPU.ActiveCfg = Debug|Any CPU
		{1802C1F0-BFC7-4BD5-924B-6E98FAF0C140}.Debug|Any CPU.Build.0 = Debug|Any CPU
		{1802C1F0-BFC7-4BD5-924B-6E98FAF0C140}.Release|Any CPU.ActiveCfg = Release|Any CPU
		{1802C1F0-BFC7-4BD5-924B-6E98FAF0C140}.Release|Any CPU.Build.0 = Release|Any CPU
		{39E8F1DF-58C1-48C5-AE62-2C84C622EAA9}.Debug|Any CPU.ActiveCfg = Debug|Any CPU
		{39E8F1DF-58C1-48C5-AE62-2C84C622EAA9}.Debug|Any CPU.Build.0 = Debug|Any CPU
		{39E8F1DF-58C1-48C5-AE62-2C84C622EAA9}.Release|Any CPU.ActiveCfg = Release|Any CPU
		{39E8F1DF-58C1-48C5-AE62-2C84C622EAA9}.Release|Any CPU.Build.0 = Release|Any CPU
		{21A53C00-A2DB-48B8-9D8A-A6FD3298B892}.Debug|Any CPU.ActiveCfg = Debug|Any CPU
		{21A53C00-A2DB-48B8-9D8A-A6FD3298B892}.Debug|Any CPU.Build.0 = Debug|Any CPU
		{21A53C00-A2DB-48B8-9D8A-A6FD3298B892}.Release|Any CPU.ActiveCfg = Release|Any CPU
		{21A53C00-A2DB-48B8-9D8A-A6FD3298B892}.Release|Any CPU.Build.0 = Release|Any CPU
		{98D6E69A-A65F-4DA4-9842-977BE46DD01B}.Debug|Any CPU.ActiveCfg = Debug|Any CPU
		{98D6E69A-A65F-4DA4-9842-977BE46DD01B}.Debug|Any CPU.Build.0 = Debug|Any CPU
		{98D6E69A-A65F-4DA4-9842-977BE46DD01B}.Release|Any CPU.ActiveCfg = Release|Any CPU
		{98D6E69A-A65F-4DA4-9842-977BE46DD01B}.Release|Any CPU.Build.0 = Release|Any CPU
		{3C98B423-D48F-4F78-BCA1-032EC8A9DD2D}.Debug|Any CPU.ActiveCfg = Debug|Any CPU
		{3C98B423-D48F-4F78-BCA1-032EC8A9DD2D}.Debug|Any CPU.Build.0 = Debug|Any CPU
		{3C98B423-D48F-4F78-BCA1-032EC8A9DD2D}.Release|Any CPU.ActiveCfg = Release|Any CPU
		{3C98B423-D48F-4F78-BCA1-032EC8A9DD2D}.Release|Any CPU.Build.0 = Release|Any CPU
		{F01F6BEC-2831-4DFD-BDD5-5389CEFE5B7A}.Debug|Any CPU.ActiveCfg = Debug|Any CPU
		{F01F6BEC-2831-4DFD-BDD5-5389CEFE5B7A}.Debug|Any CPU.Build.0 = Debug|Any CPU
		{F01F6BEC-2831-4DFD-BDD5-5389CEFE5B7A}.Release|Any CPU.ActiveCfg = Release|Any CPU
		{F01F6BEC-2831-4DFD-BDD5-5389CEFE5B7A}.Release|Any CPU.Build.0 = Release|Any CPU
		{E73E062C-0FB8-40D6-97E7-9A5E4DF0C117}.Debug|Any CPU.ActiveCfg = Debug|Any CPU
		{E73E062C-0FB8-40D6-97E7-9A5E4DF0C117}.Debug|Any CPU.Build.0 = Debug|Any CPU
		{E73E062C-0FB8-40D6-97E7-9A5E4DF0C117}.Release|Any CPU.ActiveCfg = Release|Any CPU
		{E73E062C-0FB8-40D6-97E7-9A5E4DF0C117}.Release|Any CPU.Build.0 = Release|Any CPU
		{2980AB1A-14EC-4F73-930A-7D2628781D2A}.Debug|Any CPU.ActiveCfg = Debug|Any CPU
		{2980AB1A-14EC-4F73-930A-7D2628781D2A}.Debug|Any CPU.Build.0 = Debug|Any CPU
		{2980AB1A-14EC-4F73-930A-7D2628781D2A}.Release|Any CPU.ActiveCfg = Release|Any CPU
		{2980AB1A-14EC-4F73-930A-7D2628781D2A}.Release|Any CPU.Build.0 = Release|Any CPU
		{B7791CB9-AB4E-4E7C-AD37-1321C94E800C}.Debug|Any CPU.ActiveCfg = Debug|Any CPU
		{B7791CB9-AB4E-4E7C-AD37-1321C94E800C}.Debug|Any CPU.Build.0 = Debug|Any CPU
		{B7791CB9-AB4E-4E7C-AD37-1321C94E800C}.Release|Any CPU.ActiveCfg = Release|Any CPU
		{B7791CB9-AB4E-4E7C-AD37-1321C94E800C}.Release|Any CPU.Build.0 = Release|Any CPU
		{368414ED-D6CB-4431-A285-D79D7313B2C8}.Debug|Any CPU.ActiveCfg = Debug|Any CPU
		{368414ED-D6CB-4431-A285-D79D7313B2C8}.Debug|Any CPU.Build.0 = Debug|Any CPU
		{368414ED-D6CB-4431-A285-D79D7313B2C8}.Release|Any CPU.ActiveCfg = Release|Any CPU
		{368414ED-D6CB-4431-A285-D79D7313B2C8}.Release|Any CPU.Build.0 = Release|Any CPU
		{A193519C-4DEF-45C3-8DE9-BFC25FCCFBD6}.Debug|Any CPU.ActiveCfg = Debug|Any CPU
		{A193519C-4DEF-45C3-8DE9-BFC25FCCFBD6}.Debug|Any CPU.Build.0 = Debug|Any CPU
		{A193519C-4DEF-45C3-8DE9-BFC25FCCFBD6}.Release|Any CPU.ActiveCfg = Release|Any CPU
		{A193519C-4DEF-45C3-8DE9-BFC25FCCFBD6}.Release|Any CPU.Build.0 = Release|Any CPU
		{2F8DADCE-02FE-41A0-A210-261E2C447E56}.Debug|Any CPU.ActiveCfg = Debug|Any CPU
		{2F8DADCE-02FE-41A0-A210-261E2C447E56}.Debug|Any CPU.Build.0 = Debug|Any CPU
		{2F8DADCE-02FE-41A0-A210-261E2C447E56}.Release|Any CPU.ActiveCfg = Release|Any CPU
		{2F8DADCE-02FE-41A0-A210-261E2C447E56}.Release|Any CPU.Build.0 = Release|Any CPU
		{8B9FF32F-066C-47D6-A054-7C37736A603E}.Debug|Any CPU.ActiveCfg = Debug|Any CPU
		{8B9FF32F-066C-47D6-A054-7C37736A603E}.Debug|Any CPU.Build.0 = Debug|Any CPU
		{8B9FF32F-066C-47D6-A054-7C37736A603E}.Release|Any CPU.ActiveCfg = Release|Any CPU
		{8B9FF32F-066C-47D6-A054-7C37736A603E}.Release|Any CPU.Build.0 = Release|Any CPU
		{0FDFE5EA-350C-4B3F-886A-C03B89DA2BD5}.Debug|Any CPU.ActiveCfg = Debug|Any CPU
		{0FDFE5EA-350C-4B3F-886A-C03B89DA2BD5}.Debug|Any CPU.Build.0 = Debug|Any CPU
		{0FDFE5EA-350C-4B3F-886A-C03B89DA2BD5}.Release|Any CPU.ActiveCfg = Release|Any CPU
		{0FDFE5EA-350C-4B3F-886A-C03B89DA2BD5}.Release|Any CPU.Build.0 = Release|Any CPU
	EndGlobalSection
	GlobalSection(SolutionProperties) = preSolution
		HideSolutionNode = FALSE
	EndGlobalSection
	GlobalSection(NestedProjects) = preSolution
		{548F27FF-21C6-4B1C-B0D0-8B8763851BCB} = {DA77550C-DFA5-4F01-B265-E1529E4DE298}
		{2C381A8E-1169-46FF-9226-7E7D7D6A899B} = {DA77550C-DFA5-4F01-B265-E1529E4DE298}
		{10477DCD-DF15-4E68-A262-B165D7A03114} = {DA77550C-DFA5-4F01-B265-E1529E4DE298}
		{9B3E7CB9-6584-420C-A86E-BF5A068F6F06} = {DA77550C-DFA5-4F01-B265-E1529E4DE298}
		{E21ED15A-4281-44BA-A5F4-A96EADEE8CD0} = {C691D681-9B9B-435D-BD5F-1EC33970BDE5}
		{1802C1F0-BFC7-4BD5-924B-6E98FAF0C140} = {C691D681-9B9B-435D-BD5F-1EC33970BDE5}
		{39E8F1DF-58C1-48C5-AE62-2C84C622EAA9} = {C691D681-9B9B-435D-BD5F-1EC33970BDE5}
		{21A53C00-A2DB-48B8-9D8A-A6FD3298B892} = {C691D681-9B9B-435D-BD5F-1EC33970BDE5}
		{98D6E69A-A65F-4DA4-9842-977BE46DD01B} = {556DBE3C-30FE-414D-828B-A88D1DD111FE}
		{3C98B423-D48F-4F78-BCA1-032EC8A9DD2D} = {C5C46134-F73A-4C04-9EE0-0F394339CB7C}
		{F01F6BEC-2831-4DFD-BDD5-5389CEFE5B7A} = {C5C46134-F73A-4C04-9EE0-0F394339CB7C}
		{E73E062C-0FB8-40D6-97E7-9A5E4DF0C117} = {C5C46134-F73A-4C04-9EE0-0F394339CB7C}
		{2980AB1A-14EC-4F73-930A-7D2628781D2A} = {C5C46134-F73A-4C04-9EE0-0F394339CB7C}
		{B7791CB9-AB4E-4E7C-AD37-1321C94E800C} = {C5C46134-F73A-4C04-9EE0-0F394339CB7C}
		{368414ED-D6CB-4431-A285-D79D7313B2C8} = {3D0CF130-C756-48FF-96AE-1DE79CCC106D}
		{A193519C-4DEF-45C3-8DE9-BFC25FCCFBD6} = {3D0CF130-C756-48FF-96AE-1DE79CCC106D}
		{2F8DADCE-02FE-41A0-A210-261E2C447E56} = {3D0CF130-C756-48FF-96AE-1DE79CCC106D}
		{8B9FF32F-066C-47D6-A054-7C37736A603E} = {3D0CF130-C756-48FF-96AE-1DE79CCC106D}
		{0FDFE5EA-350C-4B3F-886A-C03B89DA2BD5} = {3D0CF130-C756-48FF-96AE-1DE79CCC106D}
	EndGlobalSection
	GlobalSection(ExtensibilityGlobals) = postSolution
		SolutionGuid = {1D2DAD9B-0E49-45F2-9F67-7031D163B7A3}
	EndGlobalSection
EndGlobal
